{
  "name": "aaditya-npm-packeges-testing",
  "version": "1.0.13",
  "lockfileVersion": 2,
  "requires": true,
  "packages": {
    "": {
      "name": "aaditya-npm-packeges-testing",
      "version": "1.0.13",
      "license": "ISC",
      "dependencies": {
        "aaditya-npm-packeges-testing": "^1.0.13",
        "zod": "^3.24.1"
      },
      "devDependencies": {}
    },
    "node_modules/aaditya-npm-packeges-testing": {
      "version": "1.0.13",
      "resolved": "https://registry.npmjs.org/aaditya-npm-packeges-testing/-/aaditya-npm-packeges-testing-1.0.4.tgz",
      "integrity": "sha512-XJvXT33NDnQP0uCq/cfXuHNkBcMa/xuyOc5mCA/L6dejIRBqJxkW5snTXX5hSAnS2otyzJ07TJYWHUwIsjNpKQ==",
      "dependencies": {
        "zod": "^3.24.1"
      }
    },
    "node_modules/zod": {
      "version": "3.24.1",
      "resolved": "https://registry.npmjs.org/zod/-/zod-3.24.1.tgz",
      "integrity": "sha512-muH7gBL9sI1nciMZV67X5fTKKBLtwpZ5VBp1vsOQzj1MhrBZ4wlVCm3gedKZWLp0Oyel8sIGfeiz54Su+OVT+A==",
      "funding": {
        "url": "https://github.com/sponsors/colinhacks"
      }
    }
  },
  "dependencies": {
    "aaditya-npm-packeges-testing": {
      "version": "1.0.13",
      "resolved": "https://registry.npmjs.org/aaditya-npm-packeges-testing/-/aaditya-npm-packeges-testing-1.0.4.tgz",
      "integrity": "sha512-XJvXT33NDnQP0uCq/cfXuHNkBcMa/xuyOc5mCA/L6dejIRBqJxkW5snTXX5hSAnS2otyzJ07TJYWHUwIsjNpKQ==",
      "requires": {
        "zod": "^3.24.1"
      }
    },
    "zod": {
      "version": "3.24.1",
      "resolved": "https://registry.npmjs.org/zod/-/zod-3.24.1.tgz",
      "integrity": "sha512-muH7gBL9sI1nciMZV67X5fTKKBLtwpZ5VBp1vsOQzj1MhrBZ4wlVCm3gedKZWLp0Oyel8sIGfeiz54Su+OVT+A=="
    }
  }
}
